// !$*UTF8*$!
{
	archiveVersion = 1;
	classes = {
	};
	objectVersion = 50;
	objects = {

/* Begin PBXBuildFile section */
		D094AE6B232F5F1400E4FBA2 /* AppDelegate.swift in Sources */ = {isa = PBXBuildFile; fileRef = D094AE6A232F5F1400E4FBA2 /* AppDelegate.swift */; };
		D094AE6D232F5F1400E4FBA2 /* ViewController.swift in Sources */ = {isa = PBXBuildFile; fileRef = D094AE6C232F5F1400E4FBA2 /* ViewController.swift */; };
		D094AE70232F5F1400E4FBA2 /* Main.storyboard in Resources */ = {isa = PBXBuildFile; fileRef = D094AE6E232F5F1400E4FBA2 /* Main.storyboard */; };
		D094AE72232F5F1500E4FBA2 /* Assets.xcassets in Resources */ = {isa = PBXBuildFile; fileRef = D094AE71232F5F1500E4FBA2 /* Assets.xcassets */; };
		D094AE75232F5F1500E4FBA2 /* LaunchScreen.storyboard in Resources */ = {isa = PBXBuildFile; fileRef = D094AE73232F5F1500E4FBA2 /* LaunchScreen.storyboard */; };
		D094AE7D232F5F1E00E4FBA2 /* bg.gif in Resources */ = {isa = PBXBuildFile; fileRef = D094AE7C232F5F1E00E4FBA2 /* bg.gif */; };
		D094AE7F232F60E000E4FBA2 /* LWSphereView.swift in Sources */ = {isa = PBXBuildFile; fileRef = D094AE7E232F60E000E4FBA2 /* LWSphereView.swift */; };
		D094AE8F232F6EBB00E4FBA2 /* UIKit.framework in Frameworks */ = {isa = PBXBuildFile; fileRef = D094AE8E232F6EBB00E4FBA2 /* UIKit.framework */; };
		D094AE92232F851000E4FBA2 /* LWWaveView.m in Sources */ = {isa = PBXBuildFile; fileRef = D094AE90232F850F00E4FBA2 /* LWWaveView.m */; };
/* End PBXBuildFile section */

/* Begin PBXFileReference section */
		D094AE67232F5F1400E4FBA2 /* LWTime.app */ = {isa = PBXFileReference; explicitFileType = wrapper.application; includeInIndex = 0; path = LWTime.app; sourceTree = BUILT_PRODUCTS_DIR; };
		D094AE6A232F5F1400E4FBA2 /* AppDelegate.swift */ = {isa = PBXFileReference; lastKnownFileType = sourcecode.swift; path = AppDelegate.swift; sourceTree = "<group>"; };
		D094AE6C232F5F1400E4FBA2 /* ViewController.swift */ = {isa = PBXFileReference; lastKnownFileType = sourcecode.swift; path = ViewController.swift; sourceTree = "<group>"; };
		D094AE6F232F5F1400E4FBA2 /* Base */ = {isa = PBXFileReference; lastKnownFileType = file.storyboard; name = Base; path = Base.lproj/Main.storyboard; sourceTree = "<group>"; };
		D094AE71232F5F1500E4FBA2 /* Assets.xcassets */ = {isa = PBXFileReference; lastKnownFileType = folder.assetcatalog; path = Assets.xcassets; sourceTree = "<group>"; };
		D094AE74232F5F1500E4FBA2 /* Base */ = {isa = PBXFileReference; lastKnownFileType = file.storyboard; name = Base; path = Base.lproj/LaunchScreen.storyboard; sourceTree = "<group>"; };
		D094AE76232F5F1500E4FBA2 /* Info.plist */ = {isa = PBXFileReference; lastKnownFileType = text.plist.xml; path = Info.plist; sourceTree = "<group>"; };
		D094AE7C232F5F1E00E4FBA2 /* bg.gif */ = {isa = PBXFileReference; lastKnownFileType = image.gif; path = bg.gif; sourceTree = "<group>"; };
		D094AE7E232F60E000E4FBA2 /* LWSphereView.swift */ = {isa = PBXFileReference; lastKnownFileType = sourcecode.swift; path = LWSphereView.swift; sourceTree = "<group>"; };
		D094AE82232F6C1600E4FBA2 /* LWPoint.h */ = {isa = PBXFileReference; lastKnownFileType = sourcecode.c.h; path = LWPoint.h; sourceTree = "<group>"; };
		D094AE83232F6CC100E4FBA2 /* LWTime-Bridging-Header.h */ = {isa = PBXFileReference; lastKnownFileType = sourcecode.c.h; path = "LWTime-Bridging-Header.h"; sourceTree = "<group>"; };
		D094AE8E232F6EBB00E4FBA2 /* UIKit.framework */ = {isa = PBXFileReference; lastKnownFileType = wrapper.framework; name = UIKit.framework; path = System/Library/Frameworks/UIKit.framework; sourceTree = SDKROOT; };
		D094AE90232F850F00E4FBA2 /* LWWaveView.m */ = {isa = PBXFileReference; fileEncoding = 4; lastKnownFileType = sourcecode.c.objc; path = LWWaveView.m; sourceTree = "<group>"; };
		D094AE91232F851000E4FBA2 /* LWWaveView.h */ = {isa = PBXFileReference; fileEncoding = 4; lastKnownFileType = sourcecode.c.h; path = LWWaveView.h; sourceTree = "<group>"; };
/* End PBXFileReference section */

/* Begin PBXFrameworksBuildPhase section */
		D094AE64232F5F1400E4FBA2 /* Frameworks */ = {
			isa = PBXFrameworksBuildPhase;
			buildActionMask = 2147483647;
			files = (
				D094AE8F232F6EBB00E4FBA2 /* UIKit.framework in Frameworks */,
			);
			runOnlyForDeploymentPostprocessing = 0;
		};
/* End PBXFrameworksBuildPhase section */

/* Begin PBXGroup section */
		D094AE5E232F5F1400E4FBA2 = {
			isa = PBXGroup;
			children = (
				D094AE69232F5F1400E4FBA2 /* LWTime */,
				D094AE68232F5F1400E4FBA2 /* Products */,
				D094AE8D232F6EBB00E4FBA2 /* Frameworks */,
			);
			sourceTree = "<group>";
		};
		D094AE68232F5F1400E4FBA2 /* Products */ = {
			isa = PBXGroup;
			children = (
				D094AE67232F5F1400E4FBA2 /* LWTime.app */,
			);
			name = Products;
			sourceTree = "<group>";
		};
		D094AE69232F5F1400E4FBA2 /* LWTime */ = {
			isa = PBXGroup;
			children = (
				D094AE7C232F5F1E00E4FBA2 /* bg.gif */,
				D094AE91232F851000E4FBA2 /* LWWaveView.h */,
				D094AE90232F850F00E4FBA2 /* LWWaveView.m */,
				D094AE6A232F5F1400E4FBA2 /* AppDelegate.swift */,
				D094AE6C232F5F1400E4FBA2 /* ViewController.swift */,
				D094AE7E232F60E000E4FBA2 /* LWSphereView.swift */,
				D094AE82232F6C1600E4FBA2 /* LWPoint.h */,
				D094AE6E232F5F1400E4FBA2 /* Main.storyboard */,
				D094AE71232F5F1500E4FBA2 /* Assets.xcassets */,
				D094AE73232F5F1500E4FBA2 /* LaunchScreen.storyboard */,
				D094AE76232F5F1500E4FBA2 /* Info.plist */,
				D094AE83232F6CC100E4FBA2 /* LWTime-Bridging-Header.h */,
			);
			path = LWTime;
			sourceTree = "<group>";
		};
		D094AE8D232F6EBB00E4FBA2 /* Frameworks */ = {
			isa = PBXGroup;
			children = (
				D094AE8E232F6EBB00E4FBA2 /* UIKit.framework */,
			);
			name = Frameworks;
			sourceTree = "<group>";
		};
/* End PBXGroup section */

/* Begin PBXNativeTarget section */
		D094AE66232F5F1400E4FBA2 /* LWTime */ = {
			isa = PBXNativeTarget;
			buildConfigurationList = D094AE79232F5F1500E4FBA2 /* Build configuration list for PBXNativeTarget "LWTime" */;
			buildPhases = (
				D094AE63232F5F1400E4FBA2 /* Sources */,
				D094AE64232F5F1400E4FBA2 /* Frameworks */,
				D094AE65232F5F1400E4FBA2 /* Resources */,
			);
			buildRules = (
			);
			dependencies = (
			);
			name = LWTime;
			productName = LWTime;
			productReference = D094AE67232F5F1400E4FBA2 /* LWTime.app */;
			productType = "com.apple.product-type.application";
		};
/* End PBXNativeTarget section */

/* Begin PBXProject section */
		D094AE5F232F5F1400E4FBA2 /* Project object */ = {
			isa = PBXProject;
			attributes = {
				LastSwiftUpdateCheck = 1020;
				LastUpgradeCheck = 1020;
				ORGANIZATIONNAME = liwei;
				TargetAttributes = {
					D094AE66232F5F1400E4FBA2 = {
						CreatedOnToolsVersion = 10.2.1;
						LastSwiftMigration = 1020;
					};
				};
			};
			buildConfigurationList = D094AE62232F5F1400E4FBA2 /* Build configuration list for PBXProject "LWTime" */;
			compatibilityVersion = "Xcode 9.3";
			developmentRegion = en;
			hasScannedForEncodings = 0;
			knownRegions = (
				en,
				Base,
			);
			mainGroup = D094AE5E232F5F1400E4FBA2;
			productRefGroup = D094AE68232F5F1400E4FBA2 /* Products */;
			projectDirPath = "";
			projectRoot = "";
			targets = (
				D094AE66232F5F1400E4FBA2 /* LWTime */,
			);
		};
/* End PBXProject section */

/* Begin PBXResourcesBuildPhase section */
		D094AE65232F5F1400E4FBA2 /* Resources */ = {
			isa = PBXResourcesBuildPhase;
			buildActionMask = 2147483647;
			files = (
				D094AE75232F5F1500E4FBA2 /* LaunchScreen.storyboard in Resources */,
				D094AE72232F5F1500E4FBA2 /* Assets.xcassets in Resources */,
				D094AE70232F5F1400E4FBA2 /* Main.storyboard in Resources */,
				D094AE7D232F5F1E00E4FBA2 /* bg.gif in Resources */,
			);
			runOnlyForDeploymentPostprocessing = 0;
		};
/* End PBXResourcesBuildPhase section */

/* Begin PBXSourcesBuildPhase section */
		D094AE63232F5F1400E4FBA2 /* Sources */ = {
			isa = PBXSourcesBuildPhase;
			buildActionMask = 2147483647;
			files = (
				D094AE92232F851000E4FBA2 /* LWWaveView.m in Sources */,
				D094AE6D232F5F1400E4FBA2 /* ViewController.swift in Sources */,
				D094AE7F232F60E000E4FBA2 /* LWSphereView.swift in Sources */,
				D094AE6B232F5F1400E4FBA2 /* AppDelegate.swift in Sources */,
			);
			runOnlyForDeploymentPostprocessing = 0;
		};
/* End PBXSourcesBuildPhase section */

/* Begin PBXVariantGroup section */
		D094AE6E232F5F1400E4FBA2 /* Main.storyboard */ = {
			isa = PBXVariantGroup;
			children = (
				D094AE6F232F5F1400E4FBA2 /* Base */,
			);
			name = Main.storyboard;
			sourceTree = "<group>";
		};
		D094AE73232F5F1500E4FBA2 /* LaunchScreen.storyboard */ = {
			isa = PBXVariantGroup;
			children = (
				D094AE74232F5F1500E4FBA2 /* Base */,
			);
			name = LaunchScreen.storyboard;
			sourceTree = "<group>";
		};
/* End PBXVariantGroup section */

/* Begin XCBuildConfiguration section */
		D094AE77232F5F1500E4FBA2 /* Debug */ = {
			isa = XCBuildConfiguration;
			buildSettings = {
				ALWAYS_SEARCH_USER_PATHS = NO;
				CLANG_ANALYZER_NONNULL = YES;
				CLANG_ANALYZER_NUMBER_OBJECT_CONVERSION = YES_AGGRESSIVE;
				CLANG_CXX_LANGUAGE_STANDARD = "gnu++14";
				CLANG_CXX_LIBRARY = "libc++";
				CLANG_ENABLE_MODULES = YES;
				CLANG_ENABLE_OBJC_ARC = YES;
				CLANG_ENABLE_OBJC_WEAK = YES;
				CLANG_WARN_BLOCK_CAPTURE_AUTORELEASING = YES;
				CLANG_WARN_BOOL_CONVERSION = YES;
				CLANG_WARN_COMMA = YES;
				CLANG_WARN_CONSTANT_CONVERSION = YES;
				CLANG_WARN_DEPRECATED_OBJC_IMPLEMENTATIONS = YES;
				CLANG_WARN_DIRECT_OBJC_ISA_USAGE = YES_ERROR;
				CLANG_WARN_DOCUMENTATION_COMMENTS = YES;
				CLANG_WARN_EMPTY_BODY = YES;
				CLANG_WARN_ENUM_CONVERSION = YES;
				CLANG_WARN_INFINITE_RECURSION = YES;
				CLANG_WARN_INT_CONVERSION = YES;
				CLANG_WARN_NON_LITERAL_NULL_CONVERSION = YES;
				CLANG_WARN_OBJC_IMPLICIT_RETAIN_SELF = YES;
				CLANG_WARN_OBJC_LITERAL_CONVERSION = YES;
				CLANG_WARN_OBJC_ROOT_CLASS = YES_ERROR;
				CLANG_WARN_RANGE_LOOP_ANALYSIS = YES;
				CLANG_WARN_STRICT_PROTOTYPES = YES;
				CLANG_WARN_SUSPICIOUS_MOVE = YES;
				CLANG_WARN_UNGUARDED_AVAILABILITY = YES_AGGRESSIVE;
				CLANG_WARN_UNREACHABLE_CODE = YES;
				CLANG_WARN__DUPLICATE_METHOD_MATCH = YES;
				CODE_SIGN_IDENTITY = "iPhone Developer";
				COPY_PHASE_STRIP = NO;
				DEBUG_INFORMATION_FORMAT = dwarf;
				ENABLE_STRICT_OBJC_MSGSEND = YES;
				ENABLE_TESTABILITY = YES;
				GCC_C_LANGUAGE_STANDARD = gnu11;
				GCC_DYNAMIC_NO_PIC = NO;
				GCC_NO_COMMON_BLOCKS = YES;
				GCC_OPTIMIZATION_LEVEL = 0;
				GCC_PREPROCESSOR_DEFINITIONS = (
					"DEBUG=1",
					"$(inherited)",
				);
				GCC_WARN_64_TO_32_BIT_CONVERSION = YES;
				GCC_WARN_ABOUT_RETURN_TYPE = YES_ERROR;
				GCC_WARN_UNDECLARED_SELECTOR = YES;
				GCC_WARN_UNINITIALIZED_AUTOS = YES_AGGRESSIVE;
				GCC_WARN_UNUSED_FUNCTION = YES;
				GCC_WARN_UNUSED_VARIABLE = YES;
				IPHONEOS_DEPLOYMENT_TARGET = 12.2;
				MTL_ENABLE_DEBUG_INFO = INCLUDE_SOURCE;
				MTL_FAST_MATH = YES;
				ONLY_ACTIVE_ARCH = YES;
				SDKROOT = iphoneos;
				SWIFT_ACTIVE_COMPILATION_CONDITIONS = DEBUG;
				SWIFT_OPTIMIZATION_LEVEL = "-Onone";
			};
			name = Debug;
		};
		D094AE78232F5F1500E4FBA2 /* Release */ = {
			isa = XCBuildConfiguration;
			buildSettings = {
				ALWAYS_SEARCH_USER_PATHS = NO;
				CLANG_ANALYZER_NONNULL = YES;
				CLANG_ANALYZER_NUMBER_OBJECT_CONVERSION = YES_AGGRESSIVE;
				CLANG_CXX_LANGUAGE_STANDARD = "gnu++14";
				CLANG_CXX_LIBRARY = "libc++";
				CLANG_ENABLE_MODULES = YES;
				CLANG_ENABLE_OBJC_ARC = YES;
				CLANG_ENABLE_OBJC_WEAK = YES;
				CLANG_WARN_BLOCK_CAPTURE_AUTORELEASING = YES;
				CLANG_WARN_BOOL_CONVERSION = YES;
				CLANG_WARN_COMMA = YES;
				CLANG_WARN_CONSTANT_CONVERSION = YES;
				CLANG_WARN_DEPRECATED_OBJC_IMPLEMENTATIONS = YES;
				CLANG_WARN_DIRECT_OBJC_ISA_USAGE = YES_ERROR;
				CLANG_WARN_DOCUMENTATION_COMMENTS = YES;
				CLANG_WARN_EMPTY_BODY = YES;
				CLANG_WARN_ENUM_CONVERSION = YES;
				CLANG_WARN_INFINITE_RECURSION = YES;
				CLANG_WARN_INT_CONVERSION = YES;
				CLANG_WARN_NON_LITERAL_NULL_CONVERSION = YES;
				CLANG_WARN_OBJC_IMPLICIT_RETAIN_SELF = YES;
				CLANG_WARN_OBJC_LITERAL_CONVERSION = YES;
				CLANG_WARN_OBJC_ROOT_CLASS = YES_ERROR;
				CLANG_WARN_RANGE_LOOP_ANALYSIS = YES;
				CLANG_WARN_STRICT_PROTOTYPES = YES;
				CLANG_WARN_SUSPICIOUS_MOVE = YES;
				CLANG_WARN_UNGUARDED_AVAILABILITY = YES_AGGRESSIVE;
				CLANG_WARN_UNREACHABLE_CODE = YES;
				CLANG_WARN__DUPLICATE_METHOD_MATCH = YES;
				CODE_SIGN_IDENTITY = "iPhone Developer";
				COPY_PHASE_STRIP = NO;
				DEBUG_INFORMATION_FORMAT = "dwarf-with-dsym";
				ENABLE_NS_ASSERTIONS = NO;
				ENABLE_STRICT_OBJC_MSGSEND = YES;
				GCC_C_LANGUAGE_STANDARD = gnu11;
				GCC_NO_COMMON_BLOCKS = YES;
				GCC_WARN_64_TO_32_BIT_CONVERSION = YES;
				GCC_WARN_ABOUT_RETURN_TYPE = YES_ERROR;
				GCC_WARN_UNDECLARED_SELECTOR = YES;
				GCC_WARN_UNINITIALIZED_AUTOS = YES_AGGRESSIVE;
				GCC_WARN_UNUSED_FUNCTION = YES;
				GCC_WARN_UNUSED_VARIABLE = YES;
				IPHONEOS_DEPLOYMENT_TARGET = 12.2;
				MTL_ENABLE_DEBUG_INFO = NO;
				MTL_FAST_MATH = YES;
				SDKROOT = iphoneos;
				SWIFT_COMPILATION_MODE = wholemodule;
				SWIFT_OPTIMIZATION_LEVEL = "-O";
				VALIDATE_PRODUCT = YES;
			};
			name = Release;
		};
		D094AE7A232F5F1500E4FBA2 /* Debug */ = {
			isa = XCBuildConfiguration;
			buildSettings = {
				ASSETCATALOG_COMPILER_APPICON_NAME = AppIcon;
				CLANG_ENABLE_MODULES = YES;
				CODE_SIGN_STYLE = Automatic;
				DEVELOPMENT_TEAM = 2S87YM5WH6;
				INFOPLIST_FILE = LWTime/Info.plist;
				LD_RUNPATH_SEARCH_PATHS = (
					"$(inherited)",
					"@executable_path/Frameworks",
				);
				PRODUCT_BUNDLE_IDENTIFIER = com.LWTime;
				PRODUCT_NAME = "$(TARGET_NAME)";
				SWIFT_OBJC_BRIDGING_HEADER = "LWTime/LWTime-Bridging-Header.h";
				SWIFT_OPTIMIZATION_LEVEL = "-Onone";
				SWIFT_VERSION = 5.0;
				TARGETED_DEVICE_FAMILY = "1,2";
			};
			name = Debug;
		};
		D094AE7B232F5F1500E4FBA2 /* Release */ = {
			isa = XCBuildConfiguration;
			buildSettings = {
				ASSETCATALOG_COMPILER_APPICON_NAME = AppIcon;
				CLANG_ENABLE_MODULES = YES;
				CODE_SIGN_STYLE = Automatic;
				DEVELOPMENT_TEAM = 2S87YM5WH6;
				INFOPLIST_FILE = LWTime/Info.plist;
				LD_RUNPATH_SEARCH_PATHS = (
					"$(inherited)",
					"@executable_path/Frameworks",
				);
				PRODUCT_BUNDLE_IDENTIFIER = com.LWTime;
				PRODUCT_NAME = "$(TARGET_NAME)";
				SWIFT_OBJC_BRIDGING_HEADER = "LWTime/LWTime-Bridging-Header.h";
				SWIFT_VERSION = 5.0;
				TARGETED_DEVICE_FAMILY = "1,2";
			};
			name = Release;
		};
/* End XCBuildConfiguration section */

/* Begin XCConfigurationList section */
		D094AE62232F5F1400E4FBA2 /* Build configuration list for PBXProject "LWTime" */ = {
			isa = XCConfigurationList;
			buildConfigurations = (
				D094AE77232F5F1500E4FBA2 /* Debug */,
				D094AE78232F5F1500E4FBA2 /* Release */,
			);
			defaultConfigurationIsVisible = 0;
			defaultConfigurationName = Release;
		};
		D094AE79232F5F1500E4FBA2 /* Build configuration list for PBXNativeTarget "LWTime" */ = {
			isa = XCConfigurationList;
			buildConfigurations = (
				D094AE7A232F5F1500E4FBA2 /* Debug */,
				D094AE7B232F5F1500E4FBA2 /* Release */,
			);
			defaultConfigurationIsVisible = 0;
			defaultConfigurationName = Release;
		};
/* End XCConfigurationList section */
	};
	rootObject = D094AE5F232F5F1400E4FBA2 /* Project object */;
}
